# This file is automatically @generated by Cargo.
# It is not intended for manual editing.
version = 4

[[package]]
name = "symbian"
version = "0.1.0"
source = "git+ssh://git@github.com/pizzaria-foundation/epoc?rev=f2451dc2fe3a182e2e5e02e3c753440d7c073d0c#f2451dc2fe3a182e2e5e02e3c753440d7c073d0c"
dependencies = [
 "symbian-crypto",
 "symbian-sys",
]

[[package]]
name = "symbian-app"
version = "0.1.0"
source = "git+ssh://git@github.com/pizzaria-foundation/epoc?rev=f2451dc2fe3a182e2e5e02e3c753440d7c073d0c#f2451dc2fe3a182e2e5e02e3c753440d7c073d0c"
dependencies = [
 "symbian",
 "symbian-gfx",
 "symbian-keys",
 "symbian-sys",
 "symbian-ui",
]

[[package]]
name = "symbian-crypto"
version = "0.1.0"
source = "git+ssh://git@github.com/pizzaria-foundation/epoc?rev=f2451dc2fe3a182e2e5e02e3c753440d7c073d0c#f2451dc2fe3a182e2e5e02e3c753440d7c073d0c"

[[package]]
name = "symbian-gfx"
version = "0.1.0"
source = "git+ssh://git@github.com/pizzaria-foundation/epoc?rev=f2451dc2fe3a182e2e5e02e3c753440d7c073d0c#f2451dc2fe3a182e2e5e02e3c753440d7c073d0c"

[[package]]
name = "symbian-keys"
version = "0.1.0"
source = "git+ssh://git@github.com/pizzaria-foundation/epoc?rev=f2451dc2fe3a182e2e5e02e3c753440d7c073d0c#f2451dc2fe3a182e2e5e02e3c753440d7c073d0c"

[[package]]
name = "symbian-sys"
version = "0.1.0"
source = "git+ssh://git@github.com/pizzaria-foundation/epoc?rev=f2451dc2fe3a182e2e5e02e3c753440d7c073d0c#f2451dc2fe3a182e2e5e02e3c753440d7c073d0c"

[[package]]
name = "symbian-ui"
version = "0.1.0"
source = "git+ssh://git@github.com/pizzaria-foundation/epoc?rev=f2451dc2fe3a182e2e5e02e3c753440d7c073d0c#f2451dc2fe3a182e2e5e02e3c753440d7c073d0c"
dependencies = [
 "symbian-gfx",
 "symbian-sys",
]

[[package]]
name = "tg"
version = "0.1.0"
dependencies = [
 "symbian",
 "symbian-app",
 "symbian-crypto",
 "symbian-sys",
 "symbian-ui",
 "tg-proto",
]

[[package]]
name = "tg-device"
version = "0.1.0"
dependencies = [
 "symbian-app",
 "tg",
 "tg-proto",
]

[[package]]
name = "tg-proto"
version = "0.1.0"
dependencies = [
 "symbian-crypto",
]
