# This file is automatically @generated by Cargo.
# It is not intended for manual editing.
version = 4

[[package]]
name = "symbian"
version = "0.1.0"
dependencies = [
 "symbian-crypto",
 "symbian-sys",
]

[[package]]
name = "symbian-app"
version = "0.1.0"
dependencies = [
 "symbian-gfx",
 "symbian-sys",
 "symbian-ui",
]

[[package]]
name = "symbian-crypto"
version = "0.1.0"

[[package]]
name = "symbian-gfx"
version = "0.1.0"

[[package]]
name = "symbian-sys"
version = "0.1.0"

[[package]]
name = "symbian-ui"
version = "0.1.0"
dependencies = [
 "symbian-gfx",
 "symbian-sys",
]

[[package]]
name = "tg"
version = "0.1.0"
dependencies = [
 "symbian",
 "symbian-crypto",
 "symbian-sys",
 "symbian-ui",
 "tg-proto",
]

[[package]]
name = "tg-device"
version = "0.1.0"
dependencies = [
 "symbian-app",
 "tg",
 "tg-proto",
]

[[package]]
name = "tg-proto"
version = "0.1.0"
dependencies = [
 "symbian-crypto",
]
